// !$*UTF8*$!
{
	archiveVersion = 1;
	classes = {
	};
	objectVersion = 55;
	objects = {

/* Begin PBXBuildFile section */
		431A432929EAA52700B7775D /* AppDelegate.swift in Sources */ = {isa = PBXBuildFile; fileRef = 431A432829EAA52700B7775D /* AppDelegate.swift */; };
		431A432B29EAA52700B7775D /* SceneDelegate.swift in Sources */ = {isa = PBXBuildFile; fileRef = 431A432A29EAA52700B7775D /* SceneDelegate.swift */; };
		431A432D29EAA52700B7775D /* CalculateViewController.swift in Sources */ = {isa = PBXBuildFile; fileRef = 431A432C29EAA52700B7775D /* CalculateViewController.swift */; };
		431A433229EAA53100B7775D /* Assets.xcassets in Resources */ = {isa = PBXBuildFile; fileRef = 431A433129EAA53100B7775D /* Assets.xcassets */; };
		431A433529EAA53100B7775D /* LaunchScreen.storyboard in Resources */ = {isa = PBXBuildFile; fileRef = 431A433329EAA53100B7775D /* LaunchScreen.storyboard */; };
		431A436D29EB3F6800B7775D /* ResultViewController.swift in Sources */ = {isa = PBXBuildFile; fileRef = 431A436C29EB3F6800B7775D /* ResultViewController.swift */; };
		431A436F29EB4C2700B7775D /* CalculatorBrain.swift in Sources */ = {isa = PBXBuildFile; fileRef = 431A436E29EB4C2700B7775D /* CalculatorBrain.swift */; };
		431A438429EBCC5100B7775D /* BMI.swift in Sources */ = {isa = PBXBuildFile; fileRef = 431A438329EBCC5100B7775D /* BMI.swift */; };
		43CCB41C2A7C3F72004883C5 /* CalculateView.swift in Sources */ = {isa = PBXBuildFile; fileRef = 43CCB41B2A7C3F72004883C5 /* CalculateView.swift */; };
		43CCB41E2A7C3F89004883C5 /* ResultView.swift in Sources */ = {isa = PBXBuildFile; fileRef = 43CCB41D2A7C3F89004883C5 /* ResultView.swift */; };
		43CCB4222A7C40E3004883C5 /* SnapKit in Frameworks */ = {isa = PBXBuildFile; productRef = 43CCB4212A7C40E3004883C5 /* SnapKit */; };
/* End PBXBuildFile section */

/* Begin PBXFileReference section */
		431A432529EAA52700B7775D /* BMI Calculator.app */ = {isa = PBXFileReference; explicitFileType = wrapper.application; includeInIndex = 0; path = "BMI Calculator.app"; sourceTree = BUILT_PRODUCTS_DIR; };
		431A432829EAA52700B7775D /* AppDelegate.swift */ = {isa = PBXFileReference; lastKnownFileType = sourcecode.swift; path = AppDelegate.swift; sourceTree = "<group>"; };
		431A432A29EAA52700B7775D /* SceneDelegate.swift */ = {isa = PBXFileReference; lastKnownFileType = sourcecode.swift; path = SceneDelegate.swift; sourceTree = "<group>"; };
		431A432C29EAA52700B7775D /* CalculateViewController.swift */ = {isa = PBXFileReference; lastKnownFileType = sourcecode.swift; path = CalculateViewController.swift; sourceTree = "<group>"; };
		431A433129EAA53100B7775D /* Assets.xcassets */ = {isa = PBXFileReference; lastKnownFileType = folder.assetcatalog; path = Assets.xcassets; sourceTree = "<group>"; };
		431A433429EAA53100B7775D /* Base */ = {isa = PBXFileReference; lastKnownFileType = file.storyboard; name = Base; path = Base.lproj/LaunchScreen.storyboard; sourceTree = "<group>"; };
		431A433629EAA53100B7775D /* Info.plist */ = {isa = PBXFileReference; lastKnownFileType = text.plist.xml; path = Info.plist; sourceTree = "<group>"; };
		431A436C29EB3F6800B7775D /* ResultViewController.swift */ = {isa = PBXFileReference; lastKnownFileType = sourcecode.swift; path = ResultViewController.swift; sourceTree = "<group>"; };
		431A436E29EB4C2700B7775D /* CalculatorBrain.swift */ = {isa = PBXFileReference; lastKnownFileType = sourcecode.swift; path = CalculatorBrain.swift; sourceTree = "<group>"; };
		431A438329EBCC5100B7775D /* BMI.swift */ = {isa = PBXFileReference; lastKnownFileType = sourcecode.swift; path = BMI.swift; sourceTree = "<group>"; };
		43CCB41B2A7C3F72004883C5 /* CalculateView.swift */ = {isa = PBXFileReference; lastKnownFileType = sourcecode.swift; path = CalculateView.swift; sourceTree = "<group>"; };
		43CCB41D2A7C3F89004883C5 /* ResultView.swift */ = {isa = PBXFileReference; lastKnownFileType = sourcecode.swift; path = ResultView.swift; sourceTree = "<group>"; };
/* End PBXFileReference section */

/* Begin PBXFrameworksBuildPhase section */
		431A432229EAA52700B7775D /* Frameworks */ = {
			isa = PBXFrameworksBuildPhase;
			buildActionMask = 2147483647;
			files = (
				43CCB4222A7C40E3004883C5 /* SnapKit in Frameworks */,
			);
			runOnlyForDeploymentPostprocessing = 0;
		};
/* End PBXFrameworksBuildPhase section */

/* Begin PBXGroup section */
		431A431C29EAA52700B7775D = {
			isa = PBXGroup;
			children = (
				431A432729EAA52700B7775D /* BMI Calculator */,
				431A432629EAA52700B7775D /* Products */,
			);
			sourceTree = "<group>";
		};
		431A432629EAA52700B7775D /* Products */ = {
			isa = PBXGroup;
			children = (
				431A432529EAA52700B7775D /* BMI Calculator.app */,
			);
			name = Products;
			sourceTree = "<group>";
		};
		431A432729EAA52700B7775D /* BMI Calculator */ = {
			isa = PBXGroup;
			children = (
				431A432829EAA52700B7775D /* AppDelegate.swift */,
				431A432A29EAA52700B7775D /* SceneDelegate.swift */,
				431A433F29EAB04600B7775D /* Model */,
				431A433C29EAB02400B7775D /* View */,
				431A433D29EAB02E00B7775D /* Controller */,
				431A433129EAA53100B7775D /* Assets.xcassets */,
				431A433329EAA53100B7775D /* LaunchScreen.storyboard */,
				431A433629EAA53100B7775D /* Info.plist */,
			);
			path = "BMI Calculator";
			sourceTree = "<group>";
		};
		431A433C29EAB02400B7775D /* View */ = {
			isa = PBXGroup;
			children = (
				43CCB41B2A7C3F72004883C5 /* CalculateView.swift */,
				43CCB41D2A7C3F89004883C5 /* ResultView.swift */,
			);
			path = View;
			sourceTree = "<group>";
		};
		431A433D29EAB02E00B7775D /* Controller */ = {
			isa = PBXGroup;
			children = (
				431A432C29EAA52700B7775D /* CalculateViewController.swift */,
				431A436C29EB3F6800B7775D /* ResultViewController.swift */,
			);
			path = Controller;
			sourceTree = "<group>";
		};
		431A433F29EAB04600B7775D /* Model */ = {
			isa = PBXGroup;
			children = (
				431A438329EBCC5100B7775D /* BMI.swift */,
				431A436E29EB4C2700B7775D /* CalculatorBrain.swift */,
			);
			path = Model;
			sourceTree = "<group>";
		};
/* End PBXGroup section */

/* Begin PBXNativeTarget section */
		431A432429EAA52700B7775D /* BMI Calculator */ = {
			isa = PBXNativeTarget;
			buildConfigurationList = 431A433929EAA53100B7775D /* Build configuration list for PBXNativeTarget "BMI Calculator" */;
			buildPhases = (
				431A432129EAA52700B7775D /* Sources */,
				431A432229EAA52700B7775D /* Frameworks */,
				431A432329EAA52700B7775D /* Resources */,
			);
			buildRules = (
			);
			dependencies = (
			);
			name = "BMI Calculator";
			packageProductDependencies = (
				43CCB4212A7C40E3004883C5 /* SnapKit */,
			);
			productName = "BMI Calculator";
			productReference = 431A432529EAA52700B7775D /* BMI Calculator.app */;
			productType = "com.apple.product-type.application";
		};
/* End PBXNativeTarget section */

/* Begin PBXProject section */
		431A431D29EAA52700B7775D /* Project object */ = {
			isa = PBXProject;
			attributes = {
				BuildIndependentTargetsInParallel = 1;
				LastSwiftUpdateCheck = 1320;
				LastUpgradeCheck = 1320;
				TargetAttributes = {
					431A432429EAA52700B7775D = {
						CreatedOnToolsVersion = 13.2.1;
					};
				};
			};
			buildConfigurationList = 431A432029EAA52700B7775D /* Build configuration list for PBXProject "BMI Calculator" */;
			compatibilityVersion = "Xcode 13.0";
			developmentRegion = en;
			hasScannedForEncodings = 0;
			knownRegions = (
				en,
				Base,
			);
			mainGroup = 431A431C29EAA52700B7775D;
			packageReferences = (
				43CCB4202A7C40E3004883C5 /* XCRemoteSwiftPackageReference "SnapKit" */,
			);
			productRefGroup = 431A432629EAA52700B7775D /* Products */;
			projectDirPath = "";
			projectRoot = "";
			targets = (
				431A432429EAA52700B7775D /* BMI Calculator */,
			);
		};
/* End PBXProject section */

/* Begin PBXResourcesBuildPhase section */
		431A432329EAA52700B7775D /* Resources */ = {
			isa = PBXResourcesBuildPhase;
			buildActionMask = 2147483647;
			files = (
				431A433529EAA53100B7775D /* LaunchScreen.storyboard in Resources */,
				431A433229EAA53100B7775D /* Assets.xcassets in Resources */,
			);
			runOnlyForDeploymentPostprocessing = 0;
		};
/* End PBXResourcesBuildPhase section */

/* Begin PBXSourcesBuildPhase section */
		431A432129EAA52700B7775D /* Sources */ = {
			isa = PBXSourcesBuildPhase;
			buildActionMask = 2147483647;
			files = (
				431A432D29EAA52700B7775D /* CalculateViewController.swift in Sources */,
				431A432929EAA52700B7775D /* AppDelegate.swift in Sources */,
				431A432B29EAA52700B7775D /* SceneDelegate.swift in Sources */,
				43CCB41C2A7C3F72004883C5 /* CalculateView.swift in Sources */,
				431A436F29EB4C2700B7775D /* CalculatorBrain.swift in Sources */,
				43CCB41E2A7C3F89004883C5 /* ResultView.swift in Sources */,
				431A438429EBCC5100B7775D /* BMI.swift in Sources */,
				431A436D29EB3F6800B7775D /* ResultViewController.swift in Sources */,
			);
			runOnlyForDeploymentPostprocessing = 0;
		};
/* End PBXSourcesBuildPhase section */

/* Begin PBXVariantGroup section */
		431A433329EAA53100B7775D /* LaunchScreen.storyboard */ = {
			isa = PBXVariantGroup;
			children = (
				431A433429EAA53100B7775D /* Base */,
			);
			name = LaunchScreen.storyboard;
			sourceTree = "<group>";
		};
/* End PBXVariantGroup section */

/* Begin XCBuildConfiguration section */
		431A433729EAA53100B7775D /* Debug */ = {
			isa = XCBuildConfiguration;
			buildSettings = {
				ALWAYS_SEARCH_USER_PATHS = NO;
				CLANG_ANALYZER_NONNULL = YES;
				CLANG_ANALYZER_NUMBER_OBJECT_CONVERSION = YES_AGGRESSIVE;
				CLANG_CXX_LANGUAGE_STANDARD = "gnu++17";
				CLANG_CXX_LIBRARY = "libc++";
				CLANG_ENABLE_MODULES = YES;
				CLANG_ENABLE_OBJC_ARC = YES;
				CLANG_ENABLE_OBJC_WEAK = YES;
				CLANG_WARN_BLOCK_CAPTURE_AUTORELEASING = YES;
				CLANG_WARN_BOOL_CONVERSION = YES;
				CLANG_WARN_COMMA = YES;
				CLANG_WARN_CONSTANT_CONVERSION = YES;
				CLANG_WARN_DEPRECATED_OBJC_IMPLEMENTATIONS = YES;
				CLANG_WARN_DIRECT_OBJC_ISA_USAGE = YES_ERROR;
				CLANG_WARN_DOCUMENTATION_COMMENTS = YES;
				CLANG_WARN_EMPTY_BODY = YES;
				CLANG_WARN_ENUM_CONVERSION = YES;
				CLANG_WARN_INFINITE_RECURSION = YES;
				CLANG_WARN_INT_CONVERSION = YES;
				CLANG_WARN_NON_LITERAL_NULL_CONVERSION = YES;
				CLANG_WARN_OBJC_IMPLICIT_RETAIN_SELF = YES;
				CLANG_WARN_OBJC_LITERAL_CONVERSION = YES;
				CLANG_WARN_OBJC_ROOT_CLASS = YES_ERROR;
				CLANG_WARN_QUOTED_INCLUDE_IN_FRAMEWORK_HEADER = YES;
				CLANG_WARN_RANGE_LOOP_ANALYSIS = YES;
				CLANG_WARN_STRICT_PROTOTYPES = YES;
				CLANG_WARN_SUSPICIOUS_MOVE = YES;
				CLANG_WARN_UNGUARDED_AVAILABILITY = YES_AGGRESSIVE;
				CLANG_WARN_UNREACHABLE_CODE = YES;
				CLANG_WARN__DUPLICATE_METHOD_MATCH = YES;
				COPY_PHASE_STRIP = NO;
				DEBUG_INFORMATION_FORMAT = dwarf;
				ENABLE_STRICT_OBJC_MSGSEND = YES;
				ENABLE_TESTABILITY = YES;
				GCC_C_LANGUAGE_STANDARD = gnu11;
				GCC_DYNAMIC_NO_PIC = NO;
				GCC_NO_COMMON_BLOCKS = YES;
				GCC_OPTIMIZATION_LEVEL = 0;
				GCC_PREPROCESSOR_DEFINITIONS = (
					"DEBUG=1",
					"$(inherited)",
				);
				GCC_WARN_64_TO_32_BIT_CONVERSION = YES;
				GCC_WARN_ABOUT_RETURN_TYPE = YES_ERROR;
				GCC_WARN_UNDECLARED_SELECTOR = YES;
				GCC_WARN_UNINITIALIZED_AUTOS = YES_AGGRESSIVE;
				GCC_WARN_UNUSED_FUNCTION = YES;
				GCC_WARN_UNUSED_VARIABLE = YES;
				IPHONEOS_DEPLOYMENT_TARGET = 13.0;
				MTL_ENABLE_DEBUG_INFO = INCLUDE_SOURCE;
				MTL_FAST_MATH = YES;
				ONLY_ACTIVE_ARCH = YES;
				SDKROOT = iphoneos;
				SWIFT_ACTIVE_COMPILATION_CONDITIONS = DEBUG;
				SWIFT_OPTIMIZATION_LEVEL = "-Onone";
			};
			name = Debug;
		};
		431A433829EAA53100B7775D /* Release */ = {
			isa = XCBuildConfiguration;
			buildSettings = {
				ALWAYS_SEARCH_USER_PATHS = NO;
				CLANG_ANALYZER_NONNULL = YES;
				CLANG_ANALYZER_NUMBER_OBJECT_CONVERSION = YES_AGGRESSIVE;
				CLANG_CXX_LANGUAGE_STANDARD = "gnu++17";
				CLANG_CXX_LIBRARY = "libc++";
				CLANG_ENABLE_MODULES = YES;
				CLANG_ENABLE_OBJC_ARC = YES;
				CLANG_ENABLE_OBJC_WEAK = YES;
				CLANG_WARN_BLOCK_CAPTURE_AUTORELEASING = YES;
				CLANG_WARN_BOOL_CONVERSION = YES;
				CLANG_WARN_COMMA = YES;
				CLANG_WARN_CONSTANT_CONVERSION = YES;
				CLANG_WARN_DEPRECATED_OBJC_IMPLEMENTATIONS = YES;
				CLANG_WARN_DIRECT_OBJC_ISA_USAGE = YES_ERROR;
				CLANG_WARN_DOCUMENTATION_COMMENTS = YES;
				CLANG_WARN_EMPTY_BODY = YES;
				CLANG_WARN_ENUM_CONVERSION = YES;
				CLANG_WARN_INFINITE_RECURSION = YES;
				CLANG_WARN_INT_CONVERSION = YES;
				CLANG_WARN_NON_LITERAL_NULL_CONVERSION = YES;
				CLANG_WARN_OBJC_IMPLICIT_RETAIN_SELF = YES;
				CLANG_WARN_OBJC_LITERAL_CONVERSION = YES;
				CLANG_WARN_OBJC_ROOT_CLASS = YES_ERROR;
				CLANG_WARN_QUOTED_INCLUDE_IN_FRAMEWORK_HEADER = YES;
				CLANG_WARN_RANGE_LOOP_ANALYSIS = YES;
				CLANG_WARN_STRICT_PROTOTYPES = YES;
				CLANG_WARN_SUSPICIOUS_MOVE = YES;
				CLANG_WARN_UNGUARDED_AVAILABILITY = YES_AGGRESSIVE;
				CLANG_WARN_UNREACHABLE_CODE = YES;
				CLANG_WARN__DUPLICATE_METHOD_MATCH = YES;
				COPY_PHASE_STRIP = NO;
				DEBUG_INFORMATION_FORMAT = "dwarf-with-dsym";
				ENABLE_NS_ASSERTIONS = NO;
				ENABLE_STRICT_OBJC_MSGSEND = YES;
				GCC_C_LANGUAGE_STANDARD = gnu11;
				GCC_NO_COMMON_BLOCKS = YES;
				GCC_WARN_64_TO_32_BIT_CONVERSION = YES;
				GCC_WARN_ABOUT_RETURN_TYPE = YES_ERROR;
				GCC_WARN_UNDECLARED_SELECTOR = YES;
				GCC_WARN_UNINITIALIZED_AUTOS = YES_AGGRESSIVE;
				GCC_WARN_UNUSED_FUNCTION = YES;
				GCC_WARN_UNUSED_VARIABLE = YES;
				IPHONEOS_DEPLOYMENT_TARGET = 13.0;
				MTL_ENABLE_DEBUG_INFO = NO;
				MTL_FAST_MATH = YES;
				SDKROOT = iphoneos;
				SWIFT_COMPILATION_MODE = wholemodule;
				SWIFT_OPTIMIZATION_LEVEL = "-O";
				VALIDATE_PRODUCT = YES;
			};
			name = Release;
		};
		431A433A29EAA53100B7775D /* Debug */ = {
			isa = XCBuildConfiguration;
			buildSettings = {
				ASSETCATALOG_COMPILER_APPICON_NAME = AppIcon;
				ASSETCATALOG_COMPILER_GLOBAL_ACCENT_COLOR_NAME = AccentColor;
				CODE_SIGN_STYLE = Automatic;
				CURRENT_PROJECT_VERSION = 1;
				DEVELOPMENT_TEAM = 8545KP6MGS;
				GENERATE_INFOPLIST_FILE = YES;
				INFOPLIST_FILE = "BMI Calculator/Info.plist";
				INFOPLIST_KEY_UIApplicationSupportsIndirectInputEvents = YES;
				INFOPLIST_KEY_UILaunchStoryboardName = LaunchScreen;
				INFOPLIST_KEY_UISupportedInterfaceOrientations = "UIInterfaceOrientationPortrait UIInterfaceOrientationLandscapeLeft UIInterfaceOrientationLandscapeRight";
				INFOPLIST_KEY_UISupportedInterfaceOrientations_iPad = "UIInterfaceOrientationPortrait UIInterfaceOrientationPortraitUpsideDown UIInterfaceOrientationLandscapeLeft UIInterfaceOrientationLandscapeRight";
				INFOPLIST_KEY_UISupportedInterfaceOrientations_iPhone = "UIInterfaceOrientationPortrait UIInterfaceOrientationLandscapeLeft UIInterfaceOrientationLandscapeRight";
				LD_RUNPATH_SEARCH_PATHS = (
					"$(inherited)",
					"@executable_path/Frameworks",
				);
				MARKETING_VERSION = 1.0;
				PRODUCT_BUNDLE_IDENTIFIER = "IlyasTyumenev.BMI-Calculator";
				PRODUCT_NAME = "$(TARGET_NAME)";
				SWIFT_EMIT_LOC_STRINGS = YES;
				SWIFT_VERSION = 5.0;
				TARGETED_DEVICE_FAMILY = "1,2";
			};
			name = Debug;
		};
		431A433B29EAA53100B7775D /* Release */ = {
			isa = XCBuildConfiguration;
			buildSettings = {
				ASSETCATALOG_COMPILER_APPICON_NAME = AppIcon;
				ASSETCATALOG_COMPILER_GLOBAL_ACCENT_COLOR_NAME = AccentColor;
				CODE_SIGN_STYLE = Automatic;
				CURRENT_PROJECT_VERSION = 1;
				DEVELOPMENT_TEAM = 8545KP6MGS;
				GENERATE_INFOPLIST_FILE = YES;
				INFOPLIST_FILE = "BMI Calculator/Info.plist";
				INFOPLIST_KEY_UIApplicationSupportsIndirectInputEvents = YES;
				INFOPLIST_KEY_UILaunchStoryboardName = LaunchScreen;
				INFOPLIST_KEY_UISupportedInterfaceOrientations = "UIInterfaceOrientationPortrait UIInterfaceOrientationLandscapeLeft UIInterfaceOrientationLandscapeRight";
				INFOPLIST_KEY_UISupportedInterfaceOrientations_iPad = "UIInterfaceOrientationPortrait UIInterfaceOrientationPortraitUpsideDown UIInterfaceOrientationLandscapeLeft UIInterfaceOrientationLandscapeRight";
				INFOPLIST_KEY_UISupportedInterfaceOrientations_iPhone = "UIInterfaceOrientationPortrait UIInterfaceOrientationLandscapeLeft UIInterfaceOrientationLandscapeRight";
				LD_RUNPATH_SEARCH_PATHS = (
					"$(inherited)",
					"@executable_path/Frameworks",
				);
				MARKETING_VERSION = 1.0;
				PRODUCT_BUNDLE_IDENTIFIER = "IlyasTyumenev.BMI-Calculator";
				PRODUCT_NAME = "$(TARGET_NAME)";
				SWIFT_EMIT_LOC_STRINGS = YES;
				SWIFT_VERSION = 5.0;
				TARGETED_DEVICE_FAMILY = "1,2";
			};
			name = Release;
		};
/* End XCBuildConfiguration section */

/* Begin XCConfigurationList section */
		431A432029EAA52700B7775D /* Build configuration list for PBXProject "BMI Calculator" */ = {
			isa = XCConfigurationList;
			buildConfigurations = (
				431A433729EAA53100B7775D /* Debug */,
				431A433829EAA53100B7775D /* Release */,
			);
			defaultConfigurationIsVisible = 0;
			defaultConfigurationName = Release;
		};
		431A433929EAA53100B7775D /* Build configuration list for PBXNativeTarget "BMI Calculator" */ = {
			isa = XCConfigurationList;
			buildConfigurations = (
				431A433A29EAA53100B7775D /* Debug */,
				431A433B29EAA53100B7775D /* Release */,
			);
			defaultConfigurationIsVisible = 0;
			defaultConfigurationName = Release;
		};
/* End XCConfigurationList section */

/* Begin XCRemoteSwiftPackageReference section */
		43CCB4202A7C40E3004883C5 /* XCRemoteSwiftPackageReference "SnapKit" */ = {
			isa = XCRemoteSwiftPackageReference;
			repositoryURL = "https://github.com/SnapKit/SnapKit.git";
			requirement = {
				kind = upToNextMajorVersion;
				minimumVersion = 5.0.0;
			};
		};
/* End XCRemoteSwiftPackageReference section */

/* Begin XCSwiftPackageProductDependency section */
		43CCB4212A7C40E3004883C5 /* SnapKit */ = {
			isa = XCSwiftPackageProductDependency;
			package = 43CCB4202A7C40E3004883C5 /* XCRemoteSwiftPackageReference "SnapKit" */;
			productName = SnapKit;
		};
/* End XCSwiftPackageProductDependency section */
	};
	rootObject = 431A431D29EAA52700B7775D /* Project object */;
}
